{
  "name": "musicstream",
  "lockfileVersion": 3,
  "requires": true,
  "packages": {
    "": {
      "dependencies": {
        "zone.js": "^0.16.0"
      }
    },
    "node_modules/zone.js": {
      "version": "0.16.0",
      "resolved": "https://registry.npmjs.org/zone.js/-/zone.js-0.16.0.tgz",
      "integrity": "sha512-LqLPpIQANebrlxY6jKcYKdgN5DTXyyHAKnnWWjE5pPfEQ4n7j5zn7mOEEpwNZVKGqx3kKKmvplEmoBrvpgROTA==",
      "license": "MIT"
    }
  }
}
